
Microsoft Visual Studio Solution File, Format Version 12.00
# Visual Studio Version 17
VisualStudioVersion = 17.6.33815.320
MinimumVisualStudioVersion = 10.0.40219.1
Project("{FAE04EC0-301F-11D3-BF4B-00C04F79EFBC}") = "SignalRChat", "SignalRChat\SignalRChat.csproj", "{720CB059-22F0-4F7E-9176-4CE59E05B7A3}"
EndProject
Global
	GlobalSection(SolutionConfigurationPlatforms) = preSolution
		Debug|Any CPU = Debug|Any CPU
		Release|Any CPU = Release|Any CPU
	EndGlobalSection
	GlobalSection(ProjectConfigurationPlatforms) = postSolution
		{720CB059-22F0-4F7E-9176-4CE59E05B7A3}.Debug|Any CPU.ActiveCfg = Debug|Any CPU
		{720CB059-22F0-4F7E-9176-4CE59E05B7A3}.Debug|Any CPU.Build.0 = Debug|Any CPU
		{720CB059-22F0-4F7E-9176-4CE59E05B7A3}.Release|Any CPU.ActiveCfg = Release|Any CPU
		{720CB059-22F0-4F7E-9176-4CE59E05B7A3}.Release|Any CPU.Build.0 = Release|Any CPU
	EndGlobalSection
	GlobalSection(SolutionProperties) = preSolution
		HideSolutionNode = FALSE
	EndGlobalSection
	GlobalSection(ExtensibilityGlobals) = postSolution
		SolutionGuid = {D9EDE9ED-C958-48E1-8873-9A4800651CB0}
	EndGlobalSection
EndGlobal
